
Microsoft Visual Studio Solution File, Format Version 12.00
# Visual Studio Version 16
VisualStudioVersion = 16.0.30523.141
MinimumVisualStudioVersion = 10.0.40219.1
Project("{888888A0-9F3D-457C-B088-3A5042F75D52}") = "X si O", "X si O\X si O.pyproj", "{48EF2903-8981-4DEE-94CD-39FC9D775128}"
EndProject
Global
	GlobalSection(SolutionConfigurationPlatforms) = preSolution
		Debug|Any CPU = Debug|Any CPU
		Release|Any CPU = Release|Any CPU
	EndGlobalSection
	GlobalSection(ProjectConfigurationPlatforms) = postSolution
		{48EF2903-8981-4DEE-94CD-39FC9D775128}.Debug|Any CPU.ActiveCfg = Debug|Any CPU
		{48EF2903-8981-4DEE-94CD-39FC9D775128}.Release|Any CPU.ActiveCfg = Release|Any CPU
	EndGlobalSection
	GlobalSection(SolutionProperties) = preSolution
		HideSolutionNode = FALSE
	EndGlobalSection
	GlobalSection(ExtensibilityGlobals) = postSolution
		SolutionGuid = {D81D0A2D-0D54-44C3-BD33-34AB5B31FF55}
	EndGlobalSection
EndGlobal
